
Microsoft Visual Studio Solution File, Format Version 12.00
# Visual Studio Version 16
VisualStudioVersion = 16.0.29926.136
MinimumVisualStudioVersion = 10.0.40219.1
Project("{FAE04EC0-301F-11D3-BF4B-00C04F79EFBC}") = "WebApplication1", "WebApplication1\WebApplication1.csproj", "{2CB3627A-F3CC-4298-9164-795190DA4887}"
EndProject
Global
	GlobalSection(SolutionConfigurationPlatforms) = preSolution
		Debug|Any CPU = Debug|Any CPU
		Release|Any CPU = Release|Any CPU
	EndGlobalSection
	GlobalSection(ProjectConfigurationPlatforms) = postSolution
		{2CB3627A-F3CC-4298-9164-795190DA4887}.Debug|Any CPU.ActiveCfg = Debug|Any CPU
		{2CB3627A-F3CC-4298-9164-795190DA4887}.Debug|Any CPU.Build.0 = Debug|Any CPU
		{2CB3627A-F3CC-4298-9164-795190DA4887}.Release|Any CPU.ActiveCfg = Release|Any CPU
		{2CB3627A-F3CC-4298-9164-795190DA4887}.Release|Any CPU.Build.0 = Release|Any CPU
	EndGlobalSection
	GlobalSection(SolutionProperties) = preSolution
		HideSolutionNode = FALSE
	EndGlobalSection
	GlobalSection(ExtensibilityGlobals) = postSolution
		SolutionGuid = {240E910D-0690-4687-8C05-7E6D33CBCB9F}
	EndGlobalSection
EndGlobal
